
Microsoft Visual Studio Solution File, Format Version 12.00
# Visual Studio Version 16
VisualStudioVersion = 16.0.30114.105
MinimumVisualStudioVersion = 10.0.40219.1
Project("{FAE04EC0-301F-11D3-BF4B-00C04F79EFBC}") = "Chat.Server", "Server\Chat.Server.csproj", "{2E760671-7126-435A-A670-C9A92ADA7042}"
EndProject
Project("{FAE04EC0-301F-11D3-BF4B-00C04F79EFBC}") = "Chat.Protocol", "models\Chat.Protocol.csproj", "{7DB5A35A-AD66-424F-97FB-899C076ACEEC}"
EndProject
Global
	GlobalSection(SolutionConfigurationPlatforms) = preSolution
		Debug|Any CPU = Debug|Any CPU
		Debug|x64 = Debug|x64
		Debug|x86 = Debug|x86
		Release|Any CPU = Release|Any CPU
		Release|x64 = Release|x64
		Release|x86 = Release|x86
	EndGlobalSection
	GlobalSection(SolutionProperties) = preSolution
		HideSolutionNode = FALSE
	EndGlobalSection
	GlobalSection(ProjectConfigurationPlatforms) = postSolution
		{2E760671-7126-435A-A670-C9A92ADA7042}.Debug|Any CPU.ActiveCfg = Debug|Any CPU
		{2E760671-7126-435A-A670-C9A92ADA7042}.Debug|Any CPU.Build.0 = Debug|Any CPU
		{2E760671-7126-435A-A670-C9A92ADA7042}.Debug|x64.ActiveCfg = Debug|Any CPU
		{2E760671-7126-435A-A670-C9A92ADA7042}.Debug|x64.Build.0 = Debug|Any CPU
		{2E760671-7126-435A-A670-C9A92ADA7042}.Debug|x86.ActiveCfg = Debug|Any CPU
		{2E760671-7126-435A-A670-C9A92ADA7042}.Debug|x86.Build.0 = Debug|Any CPU
		{2E760671-7126-435A-A670-C9A92ADA7042}.Release|Any CPU.ActiveCfg = Release|Any CPU
		{2E760671-7126-435A-A670-C9A92ADA7042}.Release|Any CPU.Build.0 = Release|Any CPU
		{2E760671-7126-435A-A670-C9A92ADA7042}.Release|x64.ActiveCfg = Release|Any CPU
		{2E760671-7126-435A-A670-C9A92ADA7042}.Release|x64.Build.0 = Release|Any CPU
		{2E760671-7126-435A-A670-C9A92ADA7042}.Release|x86.ActiveCfg = Release|Any CPU
		{2E760671-7126-435A-A670-C9A92ADA7042}.Release|x86.Build.0 = Release|Any CPU
		{7DB5A35A-AD66-424F-97FB-899C076ACEEC}.Debug|Any CPU.ActiveCfg = Debug|Any CPU
		{7DB5A35A-AD66-424F-97FB-899C076ACEEC}.Debug|Any CPU.Build.0 = Debug|Any CPU
		{7DB5A35A-AD66-424F-97FB-899C076ACEEC}.Debug|x64.ActiveCfg = Debug|Any CPU
		{7DB5A35A-AD66-424F-97FB-899C076ACEEC}.Debug|x64.Build.0 = Debug|Any CPU
		{7DB5A35A-AD66-424F-97FB-899C076ACEEC}.Debug|x86.ActiveCfg = Debug|Any CPU
		{7DB5A35A-AD66-424F-97FB-899C076ACEEC}.Debug|x86.Build.0 = Debug|Any CPU
		{7DB5A35A-AD66-424F-97FB-899C076ACEEC}.Release|Any CPU.ActiveCfg = Release|Any CPU
		{7DB5A35A-AD66-424F-97FB-899C076ACEEC}.Release|Any CPU.Build.0 = Release|Any CPU
		{7DB5A35A-AD66-424F-97FB-899C076ACEEC}.Release|x64.ActiveCfg = Release|Any CPU
		{7DB5A35A-AD66-424F-97FB-899C076ACEEC}.Release|x64.Build.0 = Release|Any CPU
		{7DB5A35A-AD66-424F-97FB-899C076ACEEC}.Release|x86.ActiveCfg = Release|Any CPU
		{7DB5A35A-AD66-424F-97FB-899C076ACEEC}.Release|x86.Build.0 = Release|Any CPU
	EndGlobalSection
EndGlobal
